{
  "name": "typescript-course-udemy",
  "lockfileVersion": 3,
  "requires": true,
  "packages": {
    "": {
      "dependencies": {
        "@types/faker": "^5.5.9",
        "@types/google-maps": "^3.2.6"
      },
      "devDependencies": {
        "@types/google.maps": "^3.64.0"
      }
    },
    "node_modules/@types/faker": {
      "version": "5.5.9",
      "resolved": "https://registry.npmjs.org/@types/faker/-/faker-5.5.9.tgz",
      "integrity": "sha512-uCx6mP3UY5SIO14XlspxsGjgaemrxpssJI0Ol+GfhxtcKpv9pgRZYsS4eeKeHVLje6Qtc8lGszuBI461+gVZBA==",
      "license": "MIT"
    },
    "node_modules/@types/google-maps": {
      "version": "3.2.6",
      "resolved": "https://registry.npmjs.org/@types/google-maps/-/google-maps-3.2.6.tgz",
      "integrity": "sha512-ySOadZErcnCnNG+Zkmv5n+QG9DyTt7Mkx5Yk1dTjjNPtD8ByFaf+klZ/CxzgYcweduWEijTP0ASkANl57D0PRQ==",
      "license": "MIT",
      "dependencies": {
        "@types/google.maps": "*"
      }
    },
    "node_modules/@types/google.maps": {
      "version": "3.64.0",
      "resolved": "https://registry.npmjs.org/@types/google.maps/-/google.maps-3.64.0.tgz",
      "integrity": "sha512-dN0H6tB4lgLQLovcbPXFYYOEV41TpyyJghzb5jrzjB96FZmjeOghevVdC+BMGd6YqyCqXaggyEtqRXLRjzCBZA==",
      "license": "MIT"
    }
  }
}
